// !$*UTF8*$!
{
	archiveVersion = 1;
	classes = {
	};
	objectVersion = 50;
	objects = {

/* Begin PBXBuildFile section */
		C78A671A230368FE0064C0EF /* AppDelegate.swift in Sources */ = {isa = PBXBuildFile; fileRef = C78A6719230368FE0064C0EF /* AppDelegate.swift */; };
		C78A671C230368FE0064C0EF /* SceneDelegate.swift in Sources */ = {isa = PBXBuildFile; fileRef = C78A671B230368FE0064C0EF /* SceneDelegate.swift */; };
		C78A671E230368FE0064C0EF /* ContentView.swift in Sources */ = {isa = PBXBuildFile; fileRef = C78A671D230368FE0064C0EF /* ContentView.swift */; };
		C78A6720230369000064C0EF /* Assets.xcassets in Resources */ = {isa = PBXBuildFile; fileRef = C78A671F230369000064C0EF /* Assets.xcassets */; };
		C78A6723230369000064C0EF /* Preview Assets.xcassets in Resources */ = {isa = PBXBuildFile; fileRef = C78A6722230369000064C0EF /* Preview Assets.xcassets */; };
		C78A6726230369000064C0EF /* LaunchScreen.storyboard in Resources */ = {isa = PBXBuildFile; fileRef = C78A6724230369000064C0EF /* LaunchScreen.storyboard */; };
/* End PBXBuildFile section */

/* Begin PBXFileReference section */
		C78A6716230368FE0064C0EF /* 23-UsingStateFilterList.app */ = {isa = PBXFileReference; explicitFileType = wrapper.application; includeInIndex = 0; path = "23-UsingStateFilterList.app"; sourceTree = BUILT_PRODUCTS_DIR; };
		C78A6719230368FE0064C0EF /* AppDelegate.swift */ = {isa = PBXFileReference; lastKnownFileType = sourcecode.swift; path = AppDelegate.swift; sourceTree = "<group>"; };
		C78A671B230368FE0064C0EF /* SceneDelegate.swift */ = {isa = PBXFileReference; lastKnownFileType = sourcecode.swift; path = SceneDelegate.swift; sourceTree = "<group>"; };
		C78A671D230368FE0064C0EF /* ContentView.swift */ = {isa = PBXFileReference; lastKnownFileType = sourcecode.swift; path = ContentView.swift; sourceTree = "<group>"; };
		C78A671F230369000064C0EF /* Assets.xcassets */ = {isa = PBXFileReference; lastKnownFileType = folder.assetcatalog; path = Assets.xcassets; sourceTree = "<group>"; };
		C78A6722230369000064C0EF /* Preview Assets.xcassets */ = {isa = PBXFileReference; lastKnownFileType = folder.assetcatalog; path = "Preview Assets.xcassets"; sourceTree = "<group>"; };
		C78A6725230369000064C0EF /* Base */ = {isa = PBXFileReference; lastKnownFileType = file.storyboard; name = Base; path = Base.lproj/LaunchScreen.storyboard; sourceTree = "<group>"; };
		C78A6727230369000064C0EF /* Info.plist */ = {isa = PBXFileReference; lastKnownFileType = text.plist.xml; path = Info.plist; sourceTree = "<group>"; };
/* End PBXFileReference section */

/* Begin PBXFrameworksBuildPhase section */
		C78A6713230368FE0064C0EF /* Frameworks */ = {
			isa = PBXFrameworksBuildPhase;
			buildActionMask = 2147483647;
			files = (
			);
			runOnlyForDeploymentPostprocessing = 0;
		};
/* End PBXFrameworksBuildPhase section */

/* Begin PBXGroup section */
		C78A670D230368FE0064C0EF = {
			isa = PBXGroup;
			children = (
				C78A6718230368FE0064C0EF /* 23-UsingStateFilterList */,
				C78A6717230368FE0064C0EF /* Products */,
			);
			sourceTree = "<group>";
		};
		C78A6717230368FE0064C0EF /* Products */ = {
			isa = PBXGroup;
			children = (
				C78A6716230368FE0064C0EF /* 23-UsingStateFilterList.app */,
			);
			name = Products;
			sourceTree = "<group>";
		};
		C78A6718230368FE0064C0EF /* 23-UsingStateFilterList */ = {
			isa = PBXGroup;
			children = (
				C78A6719230368FE0064C0EF /* AppDelegate.swift */,
				C78A671B230368FE0064C0EF /* SceneDelegate.swift */,
				C78A671D230368FE0064C0EF /* ContentView.swift */,
				C78A671F230369000064C0EF /* Assets.xcassets */,
				C78A6724230369000064C0EF /* LaunchScreen.storyboard */,
				C78A6727230369000064C0EF /* Info.plist */,
				C78A6721230369000064C0EF /* Preview Content */,
			);
			path = "23-UsingStateFilterList";
			sourceTree = "<group>";
		};
		C78A6721230369000064C0EF /* Preview Content */ = {
			isa = PBXGroup;
			children = (
				C78A6722230369000064C0EF /* Preview Assets.xcassets */,
			);
			path = "Preview Content";
			sourceTree = "<group>";
		};
/* End PBXGroup section */

/* Begin PBXNativeTarget section */
		C78A6715230368FE0064C0EF /* 23-UsingStateFilterList */ = {
			isa = PBXNativeTarget;
			buildConfigurationList = C78A672A230369000064C0EF /* Build configuration list for PBXNativeTarget "23-UsingStateFilterList" */;
			buildPhases = (
				C78A6712230368FE0064C0EF /* Sources */,
				C78A6713230368FE0064C0EF /* Frameworks */,
				C78A6714230368FE0064C0EF /* Resources */,
			);
			buildRules = (
			);
			dependencies = (
			);
			name = "23-UsingStateFilterList";
			productName = "23-UsingStateFilterList";
			productReference = C78A6716230368FE0064C0EF /* 23-UsingStateFilterList.app */;
			productType = "com.apple.product-type.application";
		};
/* End PBXNativeTarget section */

/* Begin PBXProject section */
		C78A670E230368FE0064C0EF /* Project object */ = {
			isa = PBXProject;
			attributes = {
				LastSwiftUpdateCheck = 1100;
				LastUpgradeCheck = 1100;
				ORGANIZATIONNAME = "Diego Salazar Arp";
				TargetAttributes = {
					C78A6715230368FE0064C0EF = {
						CreatedOnToolsVersion = 11.0;
					};
				};
			};
			buildConfigurationList = C78A6711230368FE0064C0EF /* Build configuration list for PBXProject "23-UsingStateFilterList" */;
			compatibilityVersion = "Xcode 9.3";
			developmentRegion = en;
			hasScannedForEncodings = 0;
			knownRegions = (
				en,
				Base,
			);
			mainGroup = C78A670D230368FE0064C0EF;
			productRefGroup = C78A6717230368FE0064C0EF /* Products */;
			projectDirPath = "";
			projectRoot = "";
			targets = (
				C78A6715230368FE0064C0EF /* 23-UsingStateFilterList */,
			);
		};
/* End PBXProject section */

/* Begin PBXResourcesBuildPhase section */
		C78A6714230368FE0064C0EF /* Resources */ = {
			isa = PBXResourcesBuildPhase;
			buildActionMask = 2147483647;
			files = (
				C78A6726230369000064C0EF /* LaunchScreen.storyboard in Resources */,
				C78A6723230369000064C0EF /* Preview Assets.xcassets in Resources */,
				C78A6720230369000064C0EF /* Assets.xcassets in Resources */,
			);
			runOnlyForDeploymentPostprocessing = 0;
		};
/* End PBXResourcesBuildPhase section */

/* Begin PBXSourcesBuildPhase section */
		C78A6712230368FE0064C0EF /* Sources */ = {
			isa = PBXSourcesBuildPhase;
			buildActionMask = 2147483647;
			files = (
				C78A671A230368FE0064C0EF /* AppDelegate.swift in Sources */,
				C78A671C230368FE0064C0EF /* SceneDelegate.swift in Sources */,
				C78A671E230368FE0064C0EF /* ContentView.swift in Sources */,
			);
			runOnlyForDeploymentPostprocessing = 0;
		};
/* End PBXSourcesBuildPhase section */

/* Begin PBXVariantGroup section */
		C78A6724230369000064C0EF /* LaunchScreen.storyboard */ = {
			isa = PBXVariantGroup;
			children = (
				C78A6725230369000064C0EF /* Base */,
			);
			name = LaunchScreen.storyboard;
			sourceTree = "<group>";
		};
/* End PBXVariantGroup section */

/* Begin XCBuildConfiguration section */
		C78A6728230369000064C0EF /* Debug */ = {
			isa = XCBuildConfiguration;
			buildSettings = {
				ALWAYS_SEARCH_USER_PATHS = NO;
				CLANG_ANALYZER_NONNULL = YES;
				CLANG_ANALYZER_NUMBER_OBJECT_CONVERSION = YES_AGGRESSIVE;
				CLANG_CXX_LANGUAGE_STANDARD = "gnu++14";
				CLANG_CXX_LIBRARY = "libc++";
				CLANG_ENABLE_MODULES = YES;
				CLANG_ENABLE_OBJC_ARC = YES;
				CLANG_ENABLE_OBJC_WEAK = YES;
				CLANG_WARN_BLOCK_CAPTURE_AUTORELEASING = YES;
				CLANG_WARN_BOOL_CONVERSION = YES;
				CLANG_WARN_COMMA = YES;
				CLANG_WARN_CONSTANT_CONVERSION = YES;
				CLANG_WARN_DEPRECATED_OBJC_IMPLEMENTATIONS = YES;
				CLANG_WARN_DIRECT_OBJC_ISA_USAGE = YES_ERROR;
				CLANG_WARN_DOCUMENTATION_COMMENTS = YES;
				CLANG_WARN_EMPTY_BODY = YES;
				CLANG_WARN_ENUM_CONVERSION = YES;
				CLANG_WARN_INFINITE_RECURSION = YES;
				CLANG_WARN_INT_CONVERSION = YES;
				CLANG_WARN_NON_LITERAL_NULL_CONVERSION = YES;
				CLANG_WARN_OBJC_IMPLICIT_RETAIN_SELF = YES;
				CLANG_WARN_OBJC_LITERAL_CONVERSION = YES;
				CLANG_WARN_OBJC_ROOT_CLASS = YES_ERROR;
				CLANG_WARN_RANGE_LOOP_ANALYSIS = YES;
				CLANG_WARN_STRICT_PROTOTYPES = YES;
				CLANG_WARN_SUSPICIOUS_MOVE = YES;
				CLANG_WARN_UNGUARDED_AVAILABILITY = YES_AGGRESSIVE;
				CLANG_WARN_UNREACHABLE_CODE = YES;
				CLANG_WARN__DUPLICATE_METHOD_MATCH = YES;
				COPY_PHASE_STRIP = NO;
				DEBUG_INFORMATION_FORMAT = dwarf;
				ENABLE_STRICT_OBJC_MSGSEND = YES;
				ENABLE_TESTABILITY = YES;
				GCC_C_LANGUAGE_STANDARD = gnu11;
				GCC_DYNAMIC_NO_PIC = NO;
				GCC_NO_COMMON_BLOCKS = YES;
				GCC_OPTIMIZATION_LEVEL = 0;
				GCC_PREPROCESSOR_DEFINITIONS = (
					"DEBUG=1",
					"$(inherited)",
				);
				GCC_WARN_64_TO_32_BIT_CONVERSION = YES;
				GCC_WARN_ABOUT_RETURN_TYPE = YES_ERROR;
				GCC_WARN_UNDECLARED_SELECTOR = YES;
				GCC_WARN_UNINITIALIZED_AUTOS = YES_AGGRESSIVE;
				GCC_WARN_UNUSED_FUNCTION = YES;
				GCC_WARN_UNUSED_VARIABLE = YES;
				IPHONEOS_DEPLOYMENT_TARGET = 13.0;
				MTL_ENABLE_DEBUG_INFO = INCLUDE_SOURCE;
				MTL_FAST_MATH = YES;
				ONLY_ACTIVE_ARCH = YES;
				SDKROOT = iphoneos;
				SWIFT_ACTIVE_COMPILATION_CONDITIONS = DEBUG;
				SWIFT_OPTIMIZATION_LEVEL = "-Onone";
			};
			name = Debug;
		};
		C78A6729230369000064C0EF /* Release */ = {
			isa = XCBuildConfiguration;
			buildSettings = {
				ALWAYS_SEARCH_USER_PATHS = NO;
				CLANG_ANALYZER_NONNULL = YES;
				CLANG_ANALYZER_NUMBER_OBJECT_CONVERSION = YES_AGGRESSIVE;
				CLANG_CXX_LANGUAGE_STANDARD = "gnu++14";
				CLANG_CXX_LIBRARY = "libc++";
				CLANG_ENABLE_MODULES = YES;
				CLANG_ENABLE_OBJC_ARC = YES;
				CLANG_ENABLE_OBJC_WEAK = YES;
				CLANG_WARN_BLOCK_CAPTURE_AUTORELEASING = YES;
				CLANG_WARN_BOOL_CONVERSION = YES;
				CLANG_WARN_COMMA = YES;
				CLANG_WARN_CONSTANT_CONVERSION = YES;
				CLANG_WARN_DEPRECATED_OBJC_IMPLEMENTATIONS = YES;
				CLANG_WARN_DIRECT_OBJC_ISA_USAGE = YES_ERROR;
				CLANG_WARN_DOCUMENTATION_COMMENTS = YES;
				CLANG_WARN_EMPTY_BODY = YES;
				CLANG_WARN_ENUM_CONVERSION = YES;
				CLANG_WARN_INFINITE_RECURSION = YES;
				CLANG_WARN_INT_CONVERSION = YES;
				CLANG_WARN_NON_LITERAL_NULL_CONVERSION = YES;
				CLANG_WARN_OBJC_IMPLICIT_RETAIN_SELF = YES;
				CLANG_WARN_OBJC_LITERAL_CONVERSION = YES;
				CLANG_WARN_OBJC_ROOT_CLASS = YES_ERROR;
				CLANG_WARN_RANGE_LOOP_ANALYSIS = YES;
				CLANG_WARN_STRICT_PROTOTYPES = YES;
				CLANG_WARN_SUSPICIOUS_MOVE = YES;
				CLANG_WARN_UNGUARDED_AVAILABILITY = YES_AGGRESSIVE;
				CLANG_WARN_UNREACHABLE_CODE = YES;
				CLANG_WARN__DUPLICATE_METHOD_MATCH = YES;
				COPY_PHASE_STRIP = NO;
				DEBUG_INFORMATION_FORMAT = "dwarf-with-dsym";
				ENABLE_NS_ASSERTIONS = NO;
				ENABLE_STRICT_OBJC_MSGSEND = YES;
				GCC_C_LANGUAGE_STANDARD = gnu11;
				GCC_NO_COMMON_BLOCKS = YES;
				GCC_WARN_64_TO_32_BIT_CONVERSION = YES;
				GCC_WARN_ABOUT_RETURN_TYPE = YES_ERROR;
				GCC_WARN_UNDECLARED_SELECTOR = YES;
				GCC_WARN_UNINITIALIZED_AUTOS = YES_AGGRESSIVE;
				GCC_WARN_UNUSED_FUNCTION = YES;
				GCC_WARN_UNUSED_VARIABLE = YES;
				IPHONEOS_DEPLOYMENT_TARGET = 13.0;
				MTL_ENABLE_DEBUG_INFO = NO;
				MTL_FAST_MATH = YES;
				SDKROOT = iphoneos;
				SWIFT_COMPILATION_MODE = wholemodule;
				SWIFT_OPTIMIZATION_LEVEL = "-O";
				VALIDATE_PRODUCT = YES;
			};
			name = Release;
		};
		C78A672B230369000064C0EF /* Debug */ = {
			isa = XCBuildConfiguration;
			buildSettings = {
				ASSETCATALOG_COMPILER_APPICON_NAME = AppIcon;
				CODE_SIGN_STYLE = Automatic;
				DEVELOPMENT_ASSET_PATHS = "23-UsingStateFilterList/Preview\\ Content";
				DEVELOPMENT_TEAM = 896ZJ48GLN;
				ENABLE_PREVIEWS = YES;
				INFOPLIST_FILE = "23-UsingStateFilterList/Info.plist";
				LD_RUNPATH_SEARCH_PATHS = (
					"$(inherited)",
					"@executable_path/Frameworks",
				);
				PRODUCT_BUNDLE_IDENTIFIER = "Darp-Dev.-3-UsingStateFilterList";
				PRODUCT_NAME = "$(TARGET_NAME)";
				SWIFT_VERSION = 5.0;
				TARGETED_DEVICE_FAMILY = "1,2";
			};
			name = Debug;
		};
		C78A672C230369000064C0EF /* Release */ = {
			isa = XCBuildConfiguration;
			buildSettings = {
				ASSETCATALOG_COMPILER_APPICON_NAME = AppIcon;
				CODE_SIGN_STYLE = Automatic;
				DEVELOPMENT_ASSET_PATHS = "23-UsingStateFilterList/Preview\\ Content";
				DEVELOPMENT_TEAM = 896ZJ48GLN;
				ENABLE_PREVIEWS = YES;
				INFOPLIST_FILE = "23-UsingStateFilterList/Info.plist";
				LD_RUNPATH_SEARCH_PATHS = (
					"$(inherited)",
					"@executable_path/Frameworks",
				);
				PRODUCT_BUNDLE_IDENTIFIER = "Darp-Dev.-3-UsingStateFilterList";
				PRODUCT_NAME = "$(TARGET_NAME)";
				SWIFT_VERSION = 5.0;
				TARGETED_DEVICE_FAMILY = "1,2";
			};
			name = Release;
		};
/* End XCBuildConfiguration section */

/* Begin XCConfigurationList section */
		C78A6711230368FE0064C0EF /* Build configuration list for PBXProject "23-UsingStateFilterList" */ = {
			isa = XCConfigurationList;
			buildConfigurations = (
				C78A6728230369000064C0EF /* Debug */,
				C78A6729230369000064C0EF /* Release */,
			);
			defaultConfigurationIsVisible = 0;
			defaultConfigurationName = Release;
		};
		C78A672A230369000064C0EF /* Build configuration list for PBXNativeTarget "23-UsingStateFilterList" */ = {
			isa = XCConfigurationList;
			buildConfigurations = (
				C78A672B230369000064C0EF /* Debug */,
				C78A672C230369000064C0EF /* Release */,
			);
			defaultConfigurationIsVisible = 0;
			defaultConfigurationName = Release;
		};
/* End XCConfigurationList section */
	};
	rootObject = C78A670E230368FE0064C0EF /* Project object */;
}
